// !$*UTF8*$!
{
	archiveVersion = 1;
	classes = {
	};
	objectVersion = 56;
	objects = {

/* Begin PBXBuildFile section */
		B440848D2A60202E003E350A /* Login.swift in Sources */ = {isa = PBXBuildFile; fileRef = B440848C2A60202E003E350A /* Login.swift */; };
		B44084902A6020C3003E350A /* CustomTextField.swift in Sources */ = {isa = PBXBuildFile; fileRef = B440848F2A6020C3003E350A /* CustomTextField.swift */; };
		B44084922A602336003E350A /* LoginViewModel.swift in Sources */ = {isa = PBXBuildFile; fileRef = B44084912A602336003E350A /* LoginViewModel.swift */; };
		B445C89F2A5ECFF500BFD4FF /* LoginScreenApp.swift in Sources */ = {isa = PBXBuildFile; fileRef = B445C89E2A5ECFF500BFD4FF /* LoginScreenApp.swift */; };
		B445C8A12A5ECFF500BFD4FF /* ContentView.swift in Sources */ = {isa = PBXBuildFile; fileRef = B445C8A02A5ECFF500BFD4FF /* ContentView.swift */; };
		B445C8A32A5ECFF600BFD4FF /* Assets.xcassets in Resources */ = {isa = PBXBuildFile; fileRef = B445C8A22A5ECFF600BFD4FF /* Assets.xcassets */; };
		B445C8A62A5ECFF600BFD4FF /* Preview Assets.xcassets in Resources */ = {isa = PBXBuildFile; fileRef = B445C8A52A5ECFF600BFD4FF /* Preview Assets.xcassets */; };
		B445C8C82A5EFF3400BFD4FF /* FirebaseAuth in Frameworks */ = {isa = PBXBuildFile; productRef = B445C8C72A5EFF3400BFD4FF /* FirebaseAuth */; };
		B445C8CB2A5EFF7500BFD4FF /* GoogleSignIn in Frameworks */ = {isa = PBXBuildFile; productRef = B445C8CA2A5EFF7500BFD4FF /* GoogleSignIn */; };
		B445C8CD2A5EFF7500BFD4FF /* GoogleSignInSwift in Frameworks */ = {isa = PBXBuildFile; productRef = B445C8CC2A5EFF7500BFD4FF /* GoogleSignInSwift */; };
		B445C8CF2A5F28FE00BFD4FF /* GoogleService-Info.plist in Resources */ = {isa = PBXBuildFile; fileRef = B445C8CE2A5F28FE00BFD4FF /* GoogleService-Info.plist */; };
/* End PBXBuildFile section */

/* Begin PBXFileReference section */
		B440848C2A60202E003E350A /* Login.swift */ = {isa = PBXFileReference; lastKnownFileType = sourcecode.swift; path = Login.swift; sourceTree = "<group>"; };
		B440848F2A6020C3003E350A /* CustomTextField.swift */ = {isa = PBXFileReference; lastKnownFileType = sourcecode.swift; path = CustomTextField.swift; sourceTree = "<group>"; };
		B44084912A602336003E350A /* LoginViewModel.swift */ = {isa = PBXFileReference; lastKnownFileType = sourcecode.swift; path = LoginViewModel.swift; sourceTree = "<group>"; };
		B445C89B2A5ECFF500BFD4FF /* LoginScreen.app */ = {isa = PBXFileReference; explicitFileType = wrapper.application; includeInIndex = 0; path = LoginScreen.app; sourceTree = BUILT_PRODUCTS_DIR; };
		B445C89E2A5ECFF500BFD4FF /* LoginScreenApp.swift */ = {isa = PBXFileReference; lastKnownFileType = sourcecode.swift; path = LoginScreenApp.swift; sourceTree = "<group>"; };
		B445C8A02A5ECFF500BFD4FF /* ContentView.swift */ = {isa = PBXFileReference; lastKnownFileType = sourcecode.swift; path = ContentView.swift; sourceTree = "<group>"; };
		B445C8A22A5ECFF600BFD4FF /* Assets.xcassets */ = {isa = PBXFileReference; lastKnownFileType = folder.assetcatalog; path = Assets.xcassets; sourceTree = "<group>"; };
		B445C8A52A5ECFF600BFD4FF /* Preview Assets.xcassets */ = {isa = PBXFileReference; lastKnownFileType = folder.assetcatalog; path = "Preview Assets.xcassets"; sourceTree = "<group>"; };
		B445C8CE2A5F28FE00BFD4FF /* GoogleService-Info.plist */ = {isa = PBXFileReference; fileEncoding = 4; lastKnownFileType = text.plist.xml; path = "GoogleService-Info.plist"; sourceTree = "<group>"; };
		B445C8D02A60097500BFD4FF /* Info.plist */ = {isa = PBXFileReference; lastKnownFileType = text.plist; path = Info.plist; sourceTree = "<group>"; };
		B445C8D12A600A1D00BFD4FF /* LoginScreen.entitlements */ = {isa = PBXFileReference; lastKnownFileType = text.plist.entitlements; path = LoginScreen.entitlements; sourceTree = "<group>"; };
/* End PBXFileReference section */

/* Begin PBXFrameworksBuildPhase section */
		B445C8982A5ECFF500BFD4FF /* Frameworks */ = {
			isa = PBXFrameworksBuildPhase;
			buildActionMask = 2147483647;
			files = (
				B445C8CD2A5EFF7500BFD4FF /* GoogleSignInSwift in Frameworks */,
				B445C8C82A5EFF3400BFD4FF /* FirebaseAuth in Frameworks */,
				B445C8CB2A5EFF7500BFD4FF /* GoogleSignIn in Frameworks */,
			);
			runOnlyForDeploymentPostprocessing = 0;
		};
/* End PBXFrameworksBuildPhase section */

/* Begin PBXGroup section */
		B440848B2A602027003E350A /* View */ = {
			isa = PBXGroup;
			children = (
				B440848C2A60202E003E350A /* Login.swift */,
				B440848F2A6020C3003E350A /* CustomTextField.swift */,
			);
			path = View;
			sourceTree = "<group>";
		};
		B440848E2A602036003E350A /* ViewModel */ = {
			isa = PBXGroup;
			children = (
				B44084912A602336003E350A /* LoginViewModel.swift */,
			);
			path = ViewModel;
			sourceTree = "<group>";
		};
		B445C8922A5ECFF500BFD4FF = {
			isa = PBXGroup;
			children = (
				B445C89D2A5ECFF500BFD4FF /* LoginScreen */,
				B445C89C2A5ECFF500BFD4FF /* Products */,
			);
			sourceTree = "<group>";
		};
		B445C89C2A5ECFF500BFD4FF /* Products */ = {
			isa = PBXGroup;
			children = (
				B445C89B2A5ECFF500BFD4FF /* LoginScreen.app */,
			);
			name = Products;
			sourceTree = "<group>";
		};
		B445C89D2A5ECFF500BFD4FF /* LoginScreen */ = {
			isa = PBXGroup;
			children = (
				B440848E2A602036003E350A /* ViewModel */,
				B440848B2A602027003E350A /* View */,
				B445C8D12A600A1D00BFD4FF /* LoginScreen.entitlements */,
				B445C8D02A60097500BFD4FF /* Info.plist */,
				B445C89E2A5ECFF500BFD4FF /* LoginScreenApp.swift */,
				B445C8A02A5ECFF500BFD4FF /* ContentView.swift */,
				B445C8CE2A5F28FE00BFD4FF /* GoogleService-Info.plist */,
				B445C8A22A5ECFF600BFD4FF /* Assets.xcassets */,
				B445C8A42A5ECFF600BFD4FF /* Preview Content */,
			);
			path = LoginScreen;
			sourceTree = "<group>";
		};
		B445C8A42A5ECFF600BFD4FF /* Preview Content */ = {
			isa = PBXGroup;
			children = (
				B445C8A52A5ECFF600BFD4FF /* Preview Assets.xcassets */,
			);
			path = "Preview Content";
			sourceTree = "<group>";
		};
/* End PBXGroup section */

/* Begin PBXNativeTarget section */
		B445C89A2A5ECFF500BFD4FF /* LoginScreen */ = {
			isa = PBXNativeTarget;
			buildConfigurationList = B445C8A92A5ECFF600BFD4FF /* Build configuration list for PBXNativeTarget "LoginScreen" */;
			buildPhases = (
				B445C8972A5ECFF500BFD4FF /* Sources */,
				B445C8982A5ECFF500BFD4FF /* Frameworks */,
				B445C8992A5ECFF500BFD4FF /* Resources */,
			);
			buildRules = (
			);
			dependencies = (
			);
			name = LoginScreen;
			packageProductDependencies = (
				B445C8C72A5EFF3400BFD4FF /* FirebaseAuth */,
				B445C8CA2A5EFF7500BFD4FF /* GoogleSignIn */,
				B445C8CC2A5EFF7500BFD4FF /* GoogleSignInSwift */,
			);
			productName = LoginScreen;
			productReference = B445C89B2A5ECFF500BFD4FF /* LoginScreen.app */;
			productType = "com.apple.product-type.application";
		};
/* End PBXNativeTarget section */

/* Begin PBXProject section */
		B445C8932A5ECFF500BFD4FF /* Project object */ = {
			isa = PBXProject;
			attributes = {
				BuildIndependentTargetsInParallel = 1;
				LastSwiftUpdateCheck = 1420;
				LastUpgradeCheck = 1420;
				TargetAttributes = {
					B445C89A2A5ECFF500BFD4FF = {
						CreatedOnToolsVersion = 14.2;
					};
				};
			};
			buildConfigurationList = B445C8962A5ECFF500BFD4FF /* Build configuration list for PBXProject "LoginScreen" */;
			compatibilityVersion = "Xcode 14.0";
			developmentRegion = en;
			hasScannedForEncodings = 0;
			knownRegions = (
				en,
				Base,
			);
			mainGroup = B445C8922A5ECFF500BFD4FF;
			packageReferences = (
				B445C8C62A5EFF3400BFD4FF /* XCRemoteSwiftPackageReference "firebase-ios-sdk" */,
				B445C8C92A5EFF7500BFD4FF /* XCRemoteSwiftPackageReference "GoogleSignin-iOS" */,
			);
			productRefGroup = B445C89C2A5ECFF500BFD4FF /* Products */;
			projectDirPath = "";
			projectRoot = "";
			targets = (
				B445C89A2A5ECFF500BFD4FF /* LoginScreen */,
			);
		};
/* End PBXProject section */

/* Begin PBXResourcesBuildPhase section */
		B445C8992A5ECFF500BFD4FF /* Resources */ = {
			isa = PBXResourcesBuildPhase;
			buildActionMask = 2147483647;
			files = (
				B445C8A62A5ECFF600BFD4FF /* Preview Assets.xcassets in Resources */,
				B445C8CF2A5F28FE00BFD4FF /* GoogleService-Info.plist in Resources */,
				B445C8A32A5ECFF600BFD4FF /* Assets.xcassets in Resources */,
			);
			runOnlyForDeploymentPostprocessing = 0;
		};
/* End PBXResourcesBuildPhase section */

/* Begin PBXSourcesBuildPhase section */
		B445C8972A5ECFF500BFD4FF /* Sources */ = {
			isa = PBXSourcesBuildPhase;
			buildActionMask = 2147483647;
			files = (
				B44084902A6020C3003E350A /* CustomTextField.swift in Sources */,
				B440848D2A60202E003E350A /* Login.swift in Sources */,
				B445C8A12A5ECFF500BFD4FF /* ContentView.swift in Sources */,
				B44084922A602336003E350A /* LoginViewModel.swift in Sources */,
				B445C89F2A5ECFF500BFD4FF /* LoginScreenApp.swift in Sources */,
			);
			runOnlyForDeploymentPostprocessing = 0;
		};
/* End PBXSourcesBuildPhase section */

/* Begin XCBuildConfiguration section */
		B445C8A72A5ECFF600BFD4FF /* Debug */ = {
			isa = XCBuildConfiguration;
			buildSettings = {
				ALWAYS_SEARCH_USER_PATHS = NO;
				CLANG_ANALYZER_NONNULL = YES;
				CLANG_ANALYZER_NUMBER_OBJECT_CONVERSION = YES_AGGRESSIVE;
				CLANG_CXX_LANGUAGE_STANDARD = "gnu++20";
				CLANG_ENABLE_MODULES = YES;
				CLANG_ENABLE_OBJC_ARC = YES;
				CLANG_ENABLE_OBJC_WEAK = YES;
				CLANG_WARN_BLOCK_CAPTURE_AUTORELEASING = YES;
				CLANG_WARN_BOOL_CONVERSION = YES;
				CLANG_WARN_COMMA = YES;
				CLANG_WARN_CONSTANT_CONVERSION = YES;
				CLANG_WARN_DEPRECATED_OBJC_IMPLEMENTATIONS = YES;
				CLANG_WARN_DIRECT_OBJC_ISA_USAGE = YES_ERROR;
				CLANG_WARN_DOCUMENTATION_COMMENTS = YES;
				CLANG_WARN_EMPTY_BODY = YES;
				CLANG_WARN_ENUM_CONVERSION = YES;
				CLANG_WARN_INFINITE_RECURSION = YES;
				CLANG_WARN_INT_CONVERSION = YES;
				CLANG_WARN_NON_LITERAL_NULL_CONVERSION = YES;
				CLANG_WARN_OBJC_IMPLICIT_RETAIN_SELF = YES;
				CLANG_WARN_OBJC_LITERAL_CONVERSION = YES;
				CLANG_WARN_OBJC_ROOT_CLASS = YES_ERROR;
				CLANG_WARN_QUOTED_INCLUDE_IN_FRAMEWORK_HEADER = YES;
				CLANG_WARN_RANGE_LOOP_ANALYSIS = YES;
				CLANG_WARN_STRICT_PROTOTYPES = YES;
				CLANG_WARN_SUSPICIOUS_MOVE = YES;
				CLANG_WARN_UNGUARDED_AVAILABILITY = YES_AGGRESSIVE;
				CLANG_WARN_UNREACHABLE_CODE = YES;
				CLANG_WARN__DUPLICATE_METHOD_MATCH = YES;
				COPY_PHASE_STRIP = NO;
				DEBUG_INFORMATION_FORMAT = dwarf;
				ENABLE_STRICT_OBJC_MSGSEND = YES;
				ENABLE_TESTABILITY = YES;
				GCC_C_LANGUAGE_STANDARD = gnu11;
				GCC_DYNAMIC_NO_PIC = NO;
				GCC_NO_COMMON_BLOCKS = YES;
				GCC_OPTIMIZATION_LEVEL = 0;
				GCC_PREPROCESSOR_DEFINITIONS = (
					"DEBUG=1",
					"$(inherited)",
				);
				GCC_WARN_64_TO_32_BIT_CONVERSION = YES;
				GCC_WARN_ABOUT_RETURN_TYPE = YES_ERROR;
				GCC_WARN_UNDECLARED_SELECTOR = YES;
				GCC_WARN_UNINITIALIZED_AUTOS = YES_AGGRESSIVE;
				GCC_WARN_UNUSED_FUNCTION = YES;
				GCC_WARN_UNUSED_VARIABLE = YES;
				IPHONEOS_DEPLOYMENT_TARGET = 16.2;
				MTL_ENABLE_DEBUG_INFO = INCLUDE_SOURCE;
				MTL_FAST_MATH = YES;
				ONLY_ACTIVE_ARCH = YES;
				SDKROOT = iphoneos;
				SWIFT_ACTIVE_COMPILATION_CONDITIONS = DEBUG;
				SWIFT_OPTIMIZATION_LEVEL = "-Onone";
			};
			name = Debug;
		};
		B445C8A82A5ECFF600BFD4FF /* Release */ = {
			isa = XCBuildConfiguration;
			buildSettings = {
				ALWAYS_SEARCH_USER_PATHS = NO;
				CLANG_ANALYZER_NONNULL = YES;
				CLANG_ANALYZER_NUMBER_OBJECT_CONVERSION = YES_AGGRESSIVE;
				CLANG_CXX_LANGUAGE_STANDARD = "gnu++20";
				CLANG_ENABLE_MODULES = YES;
				CLANG_ENABLE_OBJC_ARC = YES;
				CLANG_ENABLE_OBJC_WEAK = YES;
				CLANG_WARN_BLOCK_CAPTURE_AUTORELEASING = YES;
				CLANG_WARN_BOOL_CONVERSION = YES;
				CLANG_WARN_COMMA = YES;
				CLANG_WARN_CONSTANT_CONVERSION = YES;
				CLANG_WARN_DEPRECATED_OBJC_IMPLEMENTATIONS = YES;
				CLANG_WARN_DIRECT_OBJC_ISA_USAGE = YES_ERROR;
				CLANG_WARN_DOCUMENTATION_COMMENTS = YES;
				CLANG_WARN_EMPTY_BODY = YES;
				CLANG_WARN_ENUM_CONVERSION = YES;
				CLANG_WARN_INFINITE_RECURSION = YES;
				CLANG_WARN_INT_CONVERSION = YES;
				CLANG_WARN_NON_LITERAL_NULL_CONVERSION = YES;
				CLANG_WARN_OBJC_IMPLICIT_RETAIN_SELF = YES;
				CLANG_WARN_OBJC_LITERAL_CONVERSION = YES;
				CLANG_WARN_OBJC_ROOT_CLASS = YES_ERROR;
				CLANG_WARN_QUOTED_INCLUDE_IN_FRAMEWORK_HEADER = YES;
				CLANG_WARN_RANGE_LOOP_ANALYSIS = YES;
				CLANG_WARN_STRICT_PROTOTYPES = YES;
				CLANG_WARN_SUSPICIOUS_MOVE = YES;
				CLANG_WARN_UNGUARDED_AVAILABILITY = YES_AGGRESSIVE;
				CLANG_WARN_UNREACHABLE_CODE = YES;
				CLANG_WARN__DUPLICATE_METHOD_MATCH = YES;
				COPY_PHASE_STRIP = NO;
				DEBUG_INFORMATION_FORMAT = "dwarf-with-dsym";
				ENABLE_NS_ASSERTIONS = NO;
				ENABLE_STRICT_OBJC_MSGSEND = YES;
				GCC_C_LANGUAGE_STANDARD = gnu11;
				GCC_NO_COMMON_BLOCKS = YES;
				GCC_WARN_64_TO_32_BIT_CONVERSION = YES;
				GCC_WARN_ABOUT_RETURN_TYPE = YES_ERROR;
				GCC_WARN_UNDECLARED_SELECTOR = YES;
				GCC_WARN_UNINITIALIZED_AUTOS = YES_AGGRESSIVE;
				GCC_WARN_UNUSED_FUNCTION = YES;
				GCC_WARN_UNUSED_VARIABLE = YES;
				IPHONEOS_DEPLOYMENT_TARGET = 16.2;
				MTL_ENABLE_DEBUG_INFO = NO;
				MTL_FAST_MATH = YES;
				SDKROOT = iphoneos;
				SWIFT_COMPILATION_MODE = wholemodule;
				SWIFT_OPTIMIZATION_LEVEL = "-O";
				VALIDATE_PRODUCT = YES;
			};
			name = Release;
		};
		B445C8AA2A5ECFF600BFD4FF /* Debug */ = {
			isa = XCBuildConfiguration;
			buildSettings = {
				ASSETCATALOG_COMPILER_APPICON_NAME = AppIcon;
				ASSETCATALOG_COMPILER_GLOBAL_ACCENT_COLOR_NAME = AccentColor;
				CODE_SIGN_ENTITLEMENTS = LoginScreen/LoginScreen.entitlements;
				CODE_SIGN_STYLE = Automatic;
				CURRENT_PROJECT_VERSION = 1;
				DEVELOPMENT_ASSET_PATHS = "\"LoginScreen/Preview Content\"";
				DEVELOPMENT_TEAM = 8VXC22CHMF;
				ENABLE_PREVIEWS = YES;
				GENERATE_INFOPLIST_FILE = YES;
				INFOPLIST_FILE = LoginScreen/Info.plist;
				INFOPLIST_KEY_UIApplicationSceneManifest_Generation = YES;
				INFOPLIST_KEY_UIApplicationSupportsIndirectInputEvents = YES;
				INFOPLIST_KEY_UILaunchScreen_Generation = YES;
				INFOPLIST_KEY_UISupportedInterfaceOrientations_iPad = "UIInterfaceOrientationPortrait UIInterfaceOrientationPortraitUpsideDown UIInterfaceOrientationLandscapeLeft UIInterfaceOrientationLandscapeRight";
				INFOPLIST_KEY_UISupportedInterfaceOrientations_iPhone = "UIInterfaceOrientationPortrait UIInterfaceOrientationLandscapeLeft UIInterfaceOrientationLandscapeRight";
				LD_RUNPATH_SEARCH_PATHS = (
					"$(inherited)",
					"@executable_path/Frameworks",
				);
				MARKETING_VERSION = 1.0;
				PRODUCT_BUNDLE_IDENTIFIER = p.w.LoginScreen;
				PRODUCT_NAME = "$(TARGET_NAME)";
				SWIFT_EMIT_LOC_STRINGS = YES;
				SWIFT_VERSION = 5.0;
				TARGETED_DEVICE_FAMILY = "1,2";
			};
			name = Debug;
		};
		B445C8AB2A5ECFF600BFD4FF /* Release */ = {
			isa = XCBuildConfiguration;
			buildSettings = {
				ASSETCATALOG_COMPILER_APPICON_NAME = AppIcon;
				ASSETCATALOG_COMPILER_GLOBAL_ACCENT_COLOR_NAME = AccentColor;
				CODE_SIGN_ENTITLEMENTS = LoginScreen/LoginScreen.entitlements;
				CODE_SIGN_STYLE = Automatic;
				CURRENT_PROJECT_VERSION = 1;
				DEVELOPMENT_ASSET_PATHS = "\"LoginScreen/Preview Content\"";
				DEVELOPMENT_TEAM = 8VXC22CHMF;
				ENABLE_PREVIEWS = YES;
				GENERATE_INFOPLIST_FILE = YES;
				INFOPLIST_FILE = LoginScreen/Info.plist;
				INFOPLIST_KEY_UIApplicationSceneManifest_Generation = YES;
				INFOPLIST_KEY_UIApplicationSupportsIndirectInputEvents = YES;
				INFOPLIST_KEY_UILaunchScreen_Generation = YES;
				INFOPLIST_KEY_UISupportedInterfaceOrientations_iPad = "UIInterfaceOrientationPortrait UIInterfaceOrientationPortraitUpsideDown UIInterfaceOrientationLandscapeLeft UIInterfaceOrientationLandscapeRight";
				INFOPLIST_KEY_UISupportedInterfaceOrientations_iPhone = "UIInterfaceOrientationPortrait UIInterfaceOrientationLandscapeLeft UIInterfaceOrientationLandscapeRight";
				LD_RUNPATH_SEARCH_PATHS = (
					"$(inherited)",
					"@executable_path/Frameworks",
				);
				MARKETING_VERSION = 1.0;
				PRODUCT_BUNDLE_IDENTIFIER = p.w.LoginScreen;
				PRODUCT_NAME = "$(TARGET_NAME)";
				SWIFT_EMIT_LOC_STRINGS = YES;
				SWIFT_VERSION = 5.0;
				TARGETED_DEVICE_FAMILY = "1,2";
			};
			name = Release;
		};
/* End XCBuildConfiguration section */

/* Begin XCConfigurationList section */
		B445C8962A5ECFF500BFD4FF /* Build configuration list for PBXProject "LoginScreen" */ = {
			isa = XCConfigurationList;
			buildConfigurations = (
				B445C8A72A5ECFF600BFD4FF /* Debug */,
				B445C8A82A5ECFF600BFD4FF /* Release */,
			);
			defaultConfigurationIsVisible = 0;
			defaultConfigurationName = Release;
		};
		B445C8A92A5ECFF600BFD4FF /* Build configuration list for PBXNativeTarget "LoginScreen" */ = {
			isa = XCConfigurationList;
			buildConfigurations = (
				B445C8AA2A5ECFF600BFD4FF /* Debug */,
				B445C8AB2A5ECFF600BFD4FF /* Release */,
			);
			defaultConfigurationIsVisible = 0;
			defaultConfigurationName = Release;
		};
/* End XCConfigurationList section */

/* Begin XCRemoteSwiftPackageReference section */
		B445C8C62A5EFF3400BFD4FF /* XCRemoteSwiftPackageReference "firebase-ios-sdk" */ = {
			isa = XCRemoteSwiftPackageReference;
			repositoryURL = "https://github.com/firebase/firebase-ios-sdk";
			requirement = {
				kind = upToNextMajorVersion;
				minimumVersion = 9.0.0;
			};
		};
		B445C8C92A5EFF7500BFD4FF /* XCRemoteSwiftPackageReference "GoogleSignin-iOS" */ = {
			isa = XCRemoteSwiftPackageReference;
			repositoryURL = "https://github.com/google/GoogleSignin-iOS/";
			requirement = {
				kind = upToNextMajorVersion;
				minimumVersion = 7.0.0;
			};
		};
/* End XCRemoteSwiftPackageReference section */

/* Begin XCSwiftPackageProductDependency section */
		B445C8C72A5EFF3400BFD4FF /* FirebaseAuth */ = {
			isa = XCSwiftPackageProductDependency;
			package = B445C8C62A5EFF3400BFD4FF /* XCRemoteSwiftPackageReference "firebase-ios-sdk" */;
			productName = FirebaseAuth;
		};
		B445C8CA2A5EFF7500BFD4FF /* GoogleSignIn */ = {
			isa = XCSwiftPackageProductDependency;
			package = B445C8C92A5EFF7500BFD4FF /* XCRemoteSwiftPackageReference "GoogleSignin-iOS" */;
			productName = GoogleSignIn;
		};
		B445C8CC2A5EFF7500BFD4FF /* GoogleSignInSwift */ = {
			isa = XCSwiftPackageProductDependency;
			package = B445C8C92A5EFF7500BFD4FF /* XCRemoteSwiftPackageReference "GoogleSignin-iOS" */;
			productName = GoogleSignInSwift;
		};
/* End XCSwiftPackageProductDependency section */
	};
	rootObject = B445C8932A5ECFF500BFD4FF /* Project object */;
}
